// !$*UTF8*$!
{
	archiveVersion = 1;
	classes = {
	};
	objectVersion = 56;
	objects = {

/* Begin PBXBuildFile section */
		288762C32C9093F700886A66 /* AllProductsView.swift in Sources */ = {isa = PBXBuildFile; fileRef = 288762C22C9093F700886A66 /* AllProductsView.swift */; };
		288762C62C909D4D00886A66 /* AddProductView.swift in Sources */ = {isa = PBXBuildFile; fileRef = 288762C52C909D4D00886A66 /* AddProductView.swift */; };
		288762C82C91B6BC00886A66 /* ImageEditorView.swift in Sources */ = {isa = PBXBuildFile; fileRef = 288762C72C91B6BC00886A66 /* ImageEditorView.swift */; };
		288762CA2C91B7A700886A66 /* Manufacture.swift in Sources */ = {isa = PBXBuildFile; fileRef = 288762C92C91B7A700886A66 /* Manufacture.swift */; };
		288762CC2C91B84100886A66 /* ProductLine.swift in Sources */ = {isa = PBXBuildFile; fileRef = 288762CB2C91B84100886A66 /* ProductLine.swift */; };
		288762CE2C930ED800886A66 /* Double+Extensions.swift in Sources */ = {isa = PBXBuildFile; fileRef = 288762CD2C930ED800886A66 /* Double+Extensions.swift */; };
		288A98382C0809AC007ABC1C /* GoogleService-Info.plist in Resources */ = {isa = PBXBuildFile; fileRef = 288A98372C0809AC007ABC1C /* GoogleService-Info.plist */; };
		288A983C2C080AC5007ABC1C /* FirebaseStorage in Frameworks */ = {isa = PBXBuildFile; productRef = 288A983B2C080AC5007ABC1C /* FirebaseStorage */; };
		288A983E2C080ACD007ABC1C /* FirebaseDatabase in Frameworks */ = {isa = PBXBuildFile; productRef = 288A983D2C080ACD007ABC1C /* FirebaseDatabase */; };
		288A98402C080AD1007ABC1C /* FirebaseFirestore in Frameworks */ = {isa = PBXBuildFile; productRef = 288A983F2C080AD1007ABC1C /* FirebaseFirestore */; };
		288A98422C080B2A007ABC1C /* DataManager.swift in Sources */ = {isa = PBXBuildFile; fileRef = 288A98412C080B2A007ABC1C /* DataManager.swift */; };
		288A98452C080BCD007ABC1C /* Category.swift in Sources */ = {isa = PBXBuildFile; fileRef = 288A98442C080BCD007ABC1C /* Category.swift */; };
		288A98472C080BDC007ABC1C /* Product.swift in Sources */ = {isa = PBXBuildFile; fileRef = 288A98462C080BDC007ABC1C /* Product.swift */; };
		288A984A2C080C1C007ABC1C /* Home.swift in Sources */ = {isa = PBXBuildFile; fileRef = 288A98492C080C1C007ABC1C /* Home.swift */; };
		288A984C2C080C40007ABC1C /* ProductView.swift in Sources */ = {isa = PBXBuildFile; fileRef = 288A984B2C080C40007ABC1C /* ProductView.swift */; };
		288A984E2C080C61007ABC1C /* InfoView.swift in Sources */ = {isa = PBXBuildFile; fileRef = 288A984D2C080C61007ABC1C /* InfoView.swift */; };
		288A98512C080CBC007ABC1C /* ImageLoader.swift in Sources */ = {isa = PBXBuildFile; fileRef = 288A98502C080CBC007ABC1C /* ImageLoader.swift */; };
		288A98532C080CD7007ABC1C /* Image+Cashe.swift in Sources */ = {isa = PBXBuildFile; fileRef = 288A98522C080CD7007ABC1C /* Image+Cashe.swift */; };
		28915E902C9D5B5A00F7F04E /* Cart.swift in Sources */ = {isa = PBXBuildFile; fileRef = 28915E8F2C9D5B5A00F7F04E /* Cart.swift */; };
		28915E922C9D5B7500F7F04E /* CartItem.swift in Sources */ = {isa = PBXBuildFile; fileRef = 28915E912C9D5B7500F7F04E /* CartItem.swift */; };
		28915E942C9D5BE900F7F04E /* CartManager.swift in Sources */ = {isa = PBXBuildFile; fileRef = 28915E932C9D5BE900F7F04E /* CartManager.swift */; };
		28915E962C9D5D7100F7F04E /* CartView.swift in Sources */ = {isa = PBXBuildFile; fileRef = 28915E952C9D5D7100F7F04E /* CartView.swift */; };
		28915EB62CA24F3600F7F04E /* UIColor+ConvenienceInit.swift in Sources */ = {isa = PBXBuildFile; fileRef = 28915EB52CA24F3600F7F04E /* UIColor+ConvenienceInit.swift */; };
		28915EB82CA4E87500F7F04E /* CartItemCellView.swift in Sources */ = {isa = PBXBuildFile; fileRef = 28915EB72CA4E87500F7F04E /* CartItemCellView.swift */; };
		28AB8DDA2C7185B6006A81C5 /* FavoritesView.swift in Sources */ = {isa = PBXBuildFile; fileRef = 28AB8DD92C7185B6006A81C5 /* FavoritesView.swift */; };
		28AB8DDC2C718B6D006A81C5 /* ProfileView.swift in Sources */ = {isa = PBXBuildFile; fileRef = 28AB8DDB2C718B6D006A81C5 /* ProfileView.swift */; };
		28AB8DDE2C718D23006A81C5 /* FirebaseAuth in Frameworks */ = {isa = PBXBuildFile; productRef = 28AB8DDD2C718D23006A81C5 /* FirebaseAuth */; };
		28AB8DE02C718E71006A81C5 /* AuthManager.swift in Sources */ = {isa = PBXBuildFile; fileRef = 28AB8DDF2C718E71006A81C5 /* AuthManager.swift */; };
		28AB8DE62C72D644006A81C5 /* AuthView.swift in Sources */ = {isa = PBXBuildFile; fileRef = 28AB8DE52C72D644006A81C5 /* AuthView.swift */; };
		28AB8DE82C76DDD8006A81C5 /* FavoriteProduct.swift in Sources */ = {isa = PBXBuildFile; fileRef = 28AB8DE72C76DDD7006A81C5 /* FavoriteProduct.swift */; };
		28AB8DEA2C796EB9006A81C5 /* HeaderRow.swift in Sources */ = {isa = PBXBuildFile; fileRef = 28AB8DE92C796EB9006A81C5 /* HeaderRow.swift */; };
		28AB8DEC2C7C1F82006A81C5 /* EditProfileView.swift in Sources */ = {isa = PBXBuildFile; fileRef = 28AB8DEB2C7C1F82006A81C5 /* EditProfileView.swift */; };
		28AB8DEE2C7C2346006A81C5 /* AppUser.swift in Sources */ = {isa = PBXBuildFile; fileRef = 28AB8DED2C7C2346006A81C5 /* AppUser.swift */; };
		28BE1EF12CA7EFB00059BC01 /* UnderConstructionView.swift in Sources */ = {isa = PBXBuildFile; fileRef = 28BE1EF02CA7EFB00059BC01 /* UnderConstructionView.swift */; };
		28F7D0B62C8F2B2A0065785C /* AdminView.swift in Sources */ = {isa = PBXBuildFile; fileRef = 28F7D0B52C8F2B2A0065785C /* AdminView.swift */; };
		28FF49D42C0806AB00FA829C /* AromiusGreen_App.swift in Sources */ = {isa = PBXBuildFile; fileRef = 28FF49D32C0806AB00FA829C /* AromiusGreen_App.swift */; };
		28FF49D62C0806AB00FA829C /* ContentView.swift in Sources */ = {isa = PBXBuildFile; fileRef = 28FF49D52C0806AB00FA829C /* ContentView.swift */; };
		28FF49D82C0806AC00FA829C /* Assets.xcassets in Resources */ = {isa = PBXBuildFile; fileRef = 28FF49D72C0806AC00FA829C /* Assets.xcassets */; };
		28FF49DB2C0806AC00FA829C /* Preview Assets.xcassets in Resources */ = {isa = PBXBuildFile; fileRef = 28FF49DA2C0806AC00FA829C /* Preview Assets.xcassets */; };
/* End PBXBuildFile section */

/* Begin PBXFileReference section */
		288762C22C9093F700886A66 /* AllProductsView.swift */ = {isa = PBXFileReference; lastKnownFileType = sourcecode.swift; path = AllProductsView.swift; sourceTree = "<group>"; };
		288762C52C909D4D00886A66 /* AddProductView.swift */ = {isa = PBXFileReference; lastKnownFileType = sourcecode.swift; path = AddProductView.swift; sourceTree = "<group>"; };
		288762C72C91B6BC00886A66 /* ImageEditorView.swift */ = {isa = PBXFileReference; lastKnownFileType = sourcecode.swift; path = ImageEditorView.swift; sourceTree = "<group>"; };
		288762C92C91B7A700886A66 /* Manufacture.swift */ = {isa = PBXFileReference; lastKnownFileType = sourcecode.swift; path = Manufacture.swift; sourceTree = "<group>"; };
		288762CB2C91B84100886A66 /* ProductLine.swift */ = {isa = PBXFileReference; lastKnownFileType = sourcecode.swift; path = ProductLine.swift; sourceTree = "<group>"; };
		288762CD2C930ED800886A66 /* Double+Extensions.swift */ = {isa = PBXFileReference; lastKnownFileType = sourcecode.swift; path = "Double+Extensions.swift"; sourceTree = "<group>"; };
		288A98372C0809AC007ABC1C /* GoogleService-Info.plist */ = {isa = PBXFileReference; fileEncoding = 4; lastKnownFileType = text.plist.xml; path = "GoogleService-Info.plist"; sourceTree = "<group>"; };
		288A98412C080B2A007ABC1C /* DataManager.swift */ = {isa = PBXFileReference; lastKnownFileType = sourcecode.swift; path = DataManager.swift; sourceTree = "<group>"; };
		288A98442C080BCD007ABC1C /* Category.swift */ = {isa = PBXFileReference; lastKnownFileType = sourcecode.swift; path = Category.swift; sourceTree = "<group>"; };
		288A98462C080BDC007ABC1C /* Product.swift */ = {isa = PBXFileReference; lastKnownFileType = sourcecode.swift; path = Product.swift; sourceTree = "<group>"; };
		288A98492C080C1C007ABC1C /* Home.swift */ = {isa = PBXFileReference; lastKnownFileType = sourcecode.swift; path = Home.swift; sourceTree = "<group>"; };
		288A984B2C080C40007ABC1C /* ProductView.swift */ = {isa = PBXFileReference; lastKnownFileType = sourcecode.swift; path = ProductView.swift; sourceTree = "<group>"; };
		288A984D2C080C61007ABC1C /* InfoView.swift */ = {isa = PBXFileReference; lastKnownFileType = sourcecode.swift; path = InfoView.swift; sourceTree = "<group>"; };
		288A98502C080CBC007ABC1C /* ImageLoader.swift */ = {isa = PBXFileReference; lastKnownFileType = sourcecode.swift; path = ImageLoader.swift; sourceTree = "<group>"; };
		288A98522C080CD7007ABC1C /* Image+Cashe.swift */ = {isa = PBXFileReference; lastKnownFileType = sourcecode.swift; path = "Image+Cashe.swift"; sourceTree = "<group>"; };
		28915E8F2C9D5B5A00F7F04E /* Cart.swift */ = {isa = PBXFileReference; lastKnownFileType = sourcecode.swift; path = Cart.swift; sourceTree = "<group>"; };
		28915E912C9D5B7500F7F04E /* CartItem.swift */ = {isa = PBXFileReference; lastKnownFileType = sourcecode.swift; path = CartItem.swift; sourceTree = "<group>"; };
		28915E932C9D5BE900F7F04E /* CartManager.swift */ = {isa = PBXFileReference; lastKnownFileType = sourcecode.swift; path = CartManager.swift; sourceTree = "<group>"; };
		28915E952C9D5D7100F7F04E /* CartView.swift */ = {isa = PBXFileReference; lastKnownFileType = sourcecode.swift; path = CartView.swift; sourceTree = "<group>"; };
		28915EB52CA24F3600F7F04E /* UIColor+ConvenienceInit.swift */ = {isa = PBXFileReference; lastKnownFileType = sourcecode.swift; path = "UIColor+ConvenienceInit.swift"; sourceTree = "<group>"; };
		28915EB72CA4E87500F7F04E /* CartItemCellView.swift */ = {isa = PBXFileReference; lastKnownFileType = sourcecode.swift; path = CartItemCellView.swift; sourceTree = "<group>"; };
		28AB8DD92C7185B6006A81C5 /* FavoritesView.swift */ = {isa = PBXFileReference; lastKnownFileType = sourcecode.swift; path = FavoritesView.swift; sourceTree = "<group>"; };
		28AB8DDB2C718B6D006A81C5 /* ProfileView.swift */ = {isa = PBXFileReference; lastKnownFileType = sourcecode.swift; path = ProfileView.swift; sourceTree = "<group>"; };
		28AB8DDF2C718E71006A81C5 /* AuthManager.swift */ = {isa = PBXFileReference; lastKnownFileType = sourcecode.swift; path = AuthManager.swift; sourceTree = "<group>"; };
		28AB8DE52C72D644006A81C5 /* AuthView.swift */ = {isa = PBXFileReference; lastKnownFileType = sourcecode.swift; path = AuthView.swift; sourceTree = "<group>"; };
		28AB8DE72C76DDD7006A81C5 /* FavoriteProduct.swift */ = {isa = PBXFileReference; lastKnownFileType = sourcecode.swift; path = FavoriteProduct.swift; sourceTree = "<group>"; };
		28AB8DE92C796EB9006A81C5 /* HeaderRow.swift */ = {isa = PBXFileReference; lastKnownFileType = sourcecode.swift; path = HeaderRow.swift; sourceTree = "<group>"; };
		28AB8DEB2C7C1F82006A81C5 /* EditProfileView.swift */ = {isa = PBXFileReference; lastKnownFileType = sourcecode.swift; path = EditProfileView.swift; sourceTree = "<group>"; };
		28AB8DED2C7C2346006A81C5 /* AppUser.swift */ = {isa = PBXFileReference; lastKnownFileType = sourcecode.swift; path = AppUser.swift; sourceTree = "<group>"; };
		28BE1EF02CA7EFB00059BC01 /* UnderConstructionView.swift */ = {isa = PBXFileReference; lastKnownFileType = sourcecode.swift; path = UnderConstructionView.swift; sourceTree = "<group>"; };
		28F7D0B52C8F2B2A0065785C /* AdminView.swift */ = {isa = PBXFileReference; lastKnownFileType = sourcecode.swift; path = AdminView.swift; sourceTree = "<group>"; };
		28FF49D02C0806AB00FA829C /* AromiusGreen.app */ = {isa = PBXFileReference; explicitFileType = wrapper.application; includeInIndex = 0; path = AromiusGreen.app; sourceTree = BUILT_PRODUCTS_DIR; };
		28FF49D32C0806AB00FA829C /* AromiusGreen_App.swift */ = {isa = PBXFileReference; lastKnownFileType = sourcecode.swift; path = AromiusGreen_App.swift; sourceTree = "<group>"; };
		28FF49D52C0806AB00FA829C /* ContentView.swift */ = {isa = PBXFileReference; lastKnownFileType = sourcecode.swift; path = ContentView.swift; sourceTree = "<group>"; };
		28FF49D72C0806AC00FA829C /* Assets.xcassets */ = {isa = PBXFileReference; lastKnownFileType = folder.assetcatalog; path = Assets.xcassets; sourceTree = "<group>"; };
		28FF49DA2C0806AC00FA829C /* Preview Assets.xcassets */ = {isa = PBXFileReference; lastKnownFileType = folder.assetcatalog; path = "Preview Assets.xcassets"; sourceTree = "<group>"; };
/* End PBXFileReference section */

/* Begin PBXFrameworksBuildPhase section */
		28FF49CD2C0806AB00FA829C /* Frameworks */ = {
			isa = PBXFrameworksBuildPhase;
			buildActionMask = 2147483647;
			files = (
				288A983E2C080ACD007ABC1C /* FirebaseDatabase in Frameworks */,
				288A983C2C080AC5007ABC1C /* FirebaseStorage in Frameworks */,
				288A98402C080AD1007ABC1C /* FirebaseFirestore in Frameworks */,
				28AB8DDE2C718D23006A81C5 /* FirebaseAuth in Frameworks */,
			);
			runOnlyForDeploymentPostprocessing = 0;
		};
/* End PBXFrameworksBuildPhase section */

/* Begin PBXGroup section */
		288762C42C9094BA00886A66 /* Admin */ = {
			isa = PBXGroup;
			children = (
				28F7D0B52C8F2B2A0065785C /* AdminView.swift */,
				288762C22C9093F700886A66 /* AllProductsView.swift */,
				288762C52C909D4D00886A66 /* AddProductView.swift */,
				288762C72C91B6BC00886A66 /* ImageEditorView.swift */,
			);
			path = Admin;
			sourceTree = "<group>";
		};
		288A983A2C080AC4007ABC1C /* Frameworks */ = {
			isa = PBXGroup;
			children = (
			);
			name = Frameworks;
			sourceTree = "<group>";
		};
		288A98432C080BB6007ABC1C /* Model */ = {
			isa = PBXGroup;
			children = (
				288A98442C080BCD007ABC1C /* Category.swift */,
				28AB8DED2C7C2346006A81C5 /* AppUser.swift */,
				288762C92C91B7A700886A66 /* Manufacture.swift */,
				288A98462C080BDC007ABC1C /* Product.swift */,
				288762CB2C91B84100886A66 /* ProductLine.swift */,
				28AB8DE72C76DDD7006A81C5 /* FavoriteProduct.swift */,
				28915E8F2C9D5B5A00F7F04E /* Cart.swift */,
				28915E912C9D5B7500F7F04E /* CartItem.swift */,
			);
			path = Model;
			sourceTree = "<group>";
		};
		288A98482C080BFF007ABC1C /* View */ = {
			isa = PBXGroup;
			children = (
				28FF49D52C0806AB00FA829C /* ContentView.swift */,
				28AB8DE52C72D644006A81C5 /* AuthView.swift */,
				28915E952C9D5D7100F7F04E /* CartView.swift */,
				28915EB72CA4E87500F7F04E /* CartItemCellView.swift */,
				288A98492C080C1C007ABC1C /* Home.swift */,
				28AB8DE92C796EB9006A81C5 /* HeaderRow.swift */,
				28AB8DD92C7185B6006A81C5 /* FavoritesView.swift */,
				288A984B2C080C40007ABC1C /* ProductView.swift */,
				288A984D2C080C61007ABC1C /* InfoView.swift */,
				28AB8DDB2C718B6D006A81C5 /* ProfileView.swift */,
				28AB8DEB2C7C1F82006A81C5 /* EditProfileView.swift */,
				28BE1EF02CA7EFB00059BC01 /* UnderConstructionView.swift */,
				288762C42C9094BA00886A66 /* Admin */,
			);
			path = View;
			sourceTree = "<group>";
		};
		288A984F2C080CA2007ABC1C /* Utilities */ = {
			isa = PBXGroup;
			children = (
				288A98502C080CBC007ABC1C /* ImageLoader.swift */,
				288A98522C080CD7007ABC1C /* Image+Cashe.swift */,
				288762CD2C930ED800886A66 /* Double+Extensions.swift */,
				28915EB52CA24F3600F7F04E /* UIColor+ConvenienceInit.swift */,
			);
			path = Utilities;
			sourceTree = "<group>";
		};
		28FF49C72C0806AB00FA829C = {
			isa = PBXGroup;
			children = (
				28FF49D22C0806AB00FA829C /* AromiusGreen */,
				28FF49D12C0806AB00FA829C /* Products */,
				288A983A2C080AC4007ABC1C /* Frameworks */,
			);
			sourceTree = "<group>";
		};
		28FF49D12C0806AB00FA829C /* Products */ = {
			isa = PBXGroup;
			children = (
				28FF49D02C0806AB00FA829C /* AromiusGreen.app */,
			);
			name = Products;
			sourceTree = "<group>";
		};
		28FF49D22C0806AB00FA829C /* AromiusGreen */ = {
			isa = PBXGroup;
			children = (
				28FF49D32C0806AB00FA829C /* AromiusGreen_App.swift */,
				288A98412C080B2A007ABC1C /* DataManager.swift */,
				28AB8DDF2C718E71006A81C5 /* AuthManager.swift */,
				28915E932C9D5BE900F7F04E /* CartManager.swift */,
				288A98432C080BB6007ABC1C /* Model */,
				288A98482C080BFF007ABC1C /* View */,
				288A984F2C080CA2007ABC1C /* Utilities */,
				28FF49D72C0806AC00FA829C /* Assets.xcassets */,
				288A98372C0809AC007ABC1C /* GoogleService-Info.plist */,
				28FF49D92C0806AC00FA829C /* Preview Content */,
			);
			path = AromiusGreen;
			sourceTree = "<group>";
		};
		28FF49D92C0806AC00FA829C /* Preview Content */ = {
			isa = PBXGroup;
			children = (
				28FF49DA2C0806AC00FA829C /* Preview Assets.xcassets */,
			);
			path = "Preview Content";
			sourceTree = "<group>";
		};
/* End PBXGroup section */

/* Begin PBXNativeTarget section */
		28FF49CF2C0806AB00FA829C /* AromiusGreen */ = {
			isa = PBXNativeTarget;
			buildConfigurationList = 28FF49DE2C0806AC00FA829C /* Build configuration list for PBXNativeTarget "AromiusGreen" */;
			buildPhases = (
				28FF49CC2C0806AB00FA829C /* Sources */,
				28FF49CD2C0806AB00FA829C /* Frameworks */,
				28FF49CE2C0806AB00FA829C /* Resources */,
			);
			buildRules = (
			);
			dependencies = (
			);
			name = AromiusGreen;
			packageProductDependencies = (
				288A983B2C080AC5007ABC1C /* FirebaseStorage */,
				288A983D2C080ACD007ABC1C /* FirebaseDatabase */,
				288A983F2C080AD1007ABC1C /* FirebaseFirestore */,
				28AB8DDD2C718D23006A81C5 /* FirebaseAuth */,
			);
			productName = AromiusGreen;
			productReference = 28FF49D02C0806AB00FA829C /* AromiusGreen.app */;
			productType = "com.apple.product-type.application";
		};
/* End PBXNativeTarget section */

/* Begin PBXProject section */
		28FF49C82C0806AB00FA829C /* Project object */ = {
			isa = PBXProject;
			attributes = {
				BuildIndependentTargetsInParallel = 1;
				LastSwiftUpdateCheck = 1540;
				LastUpgradeCheck = 1540;
				TargetAttributes = {
					28FF49CF2C0806AB00FA829C = {
						CreatedOnToolsVersion = 15.4;
					};
				};
			};
			buildConfigurationList = 28FF49CB2C0806AB00FA829C /* Build configuration list for PBXProject "AromiusGreen" */;
			compatibilityVersion = "Xcode 14.0";
			developmentRegion = en;
			hasScannedForEncodings = 0;
			knownRegions = (
				en,
				Base,
			);
			mainGroup = 28FF49C72C0806AB00FA829C;
			packageReferences = (
				288A98392C0809FD007ABC1C /* XCRemoteSwiftPackageReference "firebase-ios-sdk" */,
			);
			productRefGroup = 28FF49D12C0806AB00FA829C /* Products */;
			projectDirPath = "";
			projectRoot = "";
			targets = (
				28FF49CF2C0806AB00FA829C /* AromiusGreen */,
			);
		};
/* End PBXProject section */

/* Begin PBXResourcesBuildPhase section */
		28FF49CE2C0806AB00FA829C /* Resources */ = {
			isa = PBXResourcesBuildPhase;
			buildActionMask = 2147483647;
			files = (
				28FF49DB2C0806AC00FA829C /* Preview Assets.xcassets in Resources */,
				28FF49D82C0806AC00FA829C /* Assets.xcassets in Resources */,
				288A98382C0809AC007ABC1C /* GoogleService-Info.plist in Resources */,
			);
			runOnlyForDeploymentPostprocessing = 0;
		};
/* End PBXResourcesBuildPhase section */

/* Begin PBXSourcesBuildPhase section */
		28FF49CC2C0806AB00FA829C /* Sources */ = {
			isa = PBXSourcesBuildPhase;
			buildActionMask = 2147483647;
			files = (
				28F7D0B62C8F2B2A0065785C /* AdminView.swift in Sources */,
				28AB8DDA2C7185B6006A81C5 /* FavoritesView.swift in Sources */,
				28AB8DEC2C7C1F82006A81C5 /* EditProfileView.swift in Sources */,
				28915E902C9D5B5A00F7F04E /* Cart.swift in Sources */,
				288A984E2C080C61007ABC1C /* InfoView.swift in Sources */,
				28FF49D62C0806AB00FA829C /* ContentView.swift in Sources */,
				288762CC2C91B84100886A66 /* ProductLine.swift in Sources */,
				28AB8DE02C718E71006A81C5 /* AuthManager.swift in Sources */,
				28AB8DE62C72D644006A81C5 /* AuthView.swift in Sources */,
				28915E942C9D5BE900F7F04E /* CartManager.swift in Sources */,
				28915E962C9D5D7100F7F04E /* CartView.swift in Sources */,
				28AB8DE82C76DDD8006A81C5 /* FavoriteProduct.swift in Sources */,
				288A98532C080CD7007ABC1C /* Image+Cashe.swift in Sources */,
				288762C62C909D4D00886A66 /* AddProductView.swift in Sources */,
				288A98422C080B2A007ABC1C /* DataManager.swift in Sources */,
				28915E922C9D5B7500F7F04E /* CartItem.swift in Sources */,
				288A98472C080BDC007ABC1C /* Product.swift in Sources */,
				28FF49D42C0806AB00FA829C /* AromiusGreen_App.swift in Sources */,
				288A98512C080CBC007ABC1C /* ImageLoader.swift in Sources */,
				28AB8DEA2C796EB9006A81C5 /* HeaderRow.swift in Sources */,
				288762C82C91B6BC00886A66 /* ImageEditorView.swift in Sources */,
				288A984C2C080C40007ABC1C /* ProductView.swift in Sources */,
				28915EB62CA24F3600F7F04E /* UIColor+ConvenienceInit.swift in Sources */,
				28AB8DEE2C7C2346006A81C5 /* AppUser.swift in Sources */,
				288762CE2C930ED800886A66 /* Double+Extensions.swift in Sources */,
				288762C32C9093F700886A66 /* AllProductsView.swift in Sources */,
				28BE1EF12CA7EFB00059BC01 /* UnderConstructionView.swift in Sources */,
				28915EB82CA4E87500F7F04E /* CartItemCellView.swift in Sources */,
				28AB8DDC2C718B6D006A81C5 /* ProfileView.swift in Sources */,
				288A984A2C080C1C007ABC1C /* Home.swift in Sources */,
				288A98452C080BCD007ABC1C /* Category.swift in Sources */,
				288762CA2C91B7A700886A66 /* Manufacture.swift in Sources */,
			);
			runOnlyForDeploymentPostprocessing = 0;
		};
/* End PBXSourcesBuildPhase section */

/* Begin XCBuildConfiguration section */
		28FF49DC2C0806AC00FA829C /* Debug */ = {
			isa = XCBuildConfiguration;
			buildSettings = {
				ALWAYS_SEARCH_USER_PATHS = NO;
				ASSETCATALOG_COMPILER_GENERATE_SWIFT_ASSET_SYMBOL_EXTENSIONS = YES;
				CLANG_ANALYZER_NONNULL = YES;
				CLANG_ANALYZER_NUMBER_OBJECT_CONVERSION = YES_AGGRESSIVE;
				CLANG_CXX_LANGUAGE_STANDARD = "gnu++20";
				CLANG_ENABLE_MODULES = YES;
				CLANG_ENABLE_OBJC_ARC = YES;
				CLANG_ENABLE_OBJC_WEAK = YES;
				CLANG_WARN_BLOCK_CAPTURE_AUTORELEASING = YES;
				CLANG_WARN_BOOL_CONVERSION = YES;
				CLANG_WARN_COMMA = YES;
				CLANG_WARN_CONSTANT_CONVERSION = YES;
				CLANG_WARN_DEPRECATED_OBJC_IMPLEMENTATIONS = YES;
				CLANG_WARN_DIRECT_OBJC_ISA_USAGE = YES_ERROR;
				CLANG_WARN_DOCUMENTATION_COMMENTS = YES;
				CLANG_WARN_EMPTY_BODY = YES;
				CLANG_WARN_ENUM_CONVERSION = YES;
				CLANG_WARN_INFINITE_RECURSION = YES;
				CLANG_WARN_INT_CONVERSION = YES;
				CLANG_WARN_NON_LITERAL_NULL_CONVERSION = YES;
				CLANG_WARN_OBJC_IMPLICIT_RETAIN_SELF = YES;
				CLANG_WARN_OBJC_LITERAL_CONVERSION = YES;
				CLANG_WARN_OBJC_ROOT_CLASS = YES_ERROR;
				CLANG_WARN_QUOTED_INCLUDE_IN_FRAMEWORK_HEADER = YES;
				CLANG_WARN_RANGE_LOOP_ANALYSIS = YES;
				CLANG_WARN_STRICT_PROTOTYPES = YES;
				CLANG_WARN_SUSPICIOUS_MOVE = YES;
				CLANG_WARN_UNGUARDED_AVAILABILITY = YES_AGGRESSIVE;
				CLANG_WARN_UNREACHABLE_CODE = YES;
				CLANG_WARN__DUPLICATE_METHOD_MATCH = YES;
				COPY_PHASE_STRIP = NO;
				DEBUG_INFORMATION_FORMAT = dwarf;
				ENABLE_STRICT_OBJC_MSGSEND = YES;
				ENABLE_TESTABILITY = YES;
				ENABLE_USER_SCRIPT_SANDBOXING = YES;
				GCC_C_LANGUAGE_STANDARD = gnu17;
				GCC_DYNAMIC_NO_PIC = NO;
				GCC_NO_COMMON_BLOCKS = YES;
				GCC_OPTIMIZATION_LEVEL = 0;
				GCC_PREPROCESSOR_DEFINITIONS = (
					"DEBUG=1",
					"$(inherited)",
				);
				GCC_WARN_64_TO_32_BIT_CONVERSION = YES;
				GCC_WARN_ABOUT_RETURN_TYPE = YES_ERROR;
				GCC_WARN_UNDECLARED_SELECTOR = YES;
				GCC_WARN_UNINITIALIZED_AUTOS = YES_AGGRESSIVE;
				GCC_WARN_UNUSED_FUNCTION = YES;
				GCC_WARN_UNUSED_VARIABLE = YES;
				IPHONEOS_DEPLOYMENT_TARGET = 16.4;
				LOCALIZATION_PREFERS_STRING_CATALOGS = YES;
				MTL_ENABLE_DEBUG_INFO = INCLUDE_SOURCE;
				MTL_FAST_MATH = YES;
				ONLY_ACTIVE_ARCH = YES;
				SDKROOT = iphoneos;
				SWIFT_ACTIVE_COMPILATION_CONDITIONS = "DEBUG $(inherited)";
				SWIFT_OPTIMIZATION_LEVEL = "-Onone";
			};
			name = Debug;
		};
		28FF49DD2C0806AC00FA829C /* Release */ = {
			isa = XCBuildConfiguration;
			buildSettings = {
				ALWAYS_SEARCH_USER_PATHS = NO;
				ASSETCATALOG_COMPILER_GENERATE_SWIFT_ASSET_SYMBOL_EXTENSIONS = YES;
				CLANG_ANALYZER_NONNULL = YES;
				CLANG_ANALYZER_NUMBER_OBJECT_CONVERSION = YES_AGGRESSIVE;
				CLANG_CXX_LANGUAGE_STANDARD = "gnu++20";
				CLANG_ENABLE_MODULES = YES;
				CLANG_ENABLE_OBJC_ARC = YES;
				CLANG_ENABLE_OBJC_WEAK = YES;
				CLANG_WARN_BLOCK_CAPTURE_AUTORELEASING = YES;
				CLANG_WARN_BOOL_CONVERSION = YES;
				CLANG_WARN_COMMA = YES;
				CLANG_WARN_CONSTANT_CONVERSION = YES;
				CLANG_WARN_DEPRECATED_OBJC_IMPLEMENTATIONS = YES;
				CLANG_WARN_DIRECT_OBJC_ISA_USAGE = YES_ERROR;
				CLANG_WARN_DOCUMENTATION_COMMENTS = YES;
				CLANG_WARN_EMPTY_BODY = YES;
				CLANG_WARN_ENUM_CONVERSION = YES;
				CLANG_WARN_INFINITE_RECURSION = YES;
				CLANG_WARN_INT_CONVERSION = YES;
				CLANG_WARN_NON_LITERAL_NULL_CONVERSION = YES;
				CLANG_WARN_OBJC_IMPLICIT_RETAIN_SELF = YES;
				CLANG_WARN_OBJC_LITERAL_CONVERSION = YES;
				CLANG_WARN_OBJC_ROOT_CLASS = YES_ERROR;
				CLANG_WARN_QUOTED_INCLUDE_IN_FRAMEWORK_HEADER = YES;
				CLANG_WARN_RANGE_LOOP_ANALYSIS = YES;
				CLANG_WARN_STRICT_PROTOTYPES = YES;
				CLANG_WARN_SUSPICIOUS_MOVE = YES;
				CLANG_WARN_UNGUARDED_AVAILABILITY = YES_AGGRESSIVE;
				CLANG_WARN_UNREACHABLE_CODE = YES;
				CLANG_WARN__DUPLICATE_METHOD_MATCH = YES;
				COPY_PHASE_STRIP = NO;
				DEBUG_INFORMATION_FORMAT = "dwarf-with-dsym";
				ENABLE_NS_ASSERTIONS = NO;
				ENABLE_STRICT_OBJC_MSGSEND = YES;
				ENABLE_USER_SCRIPT_SANDBOXING = YES;
				GCC_C_LANGUAGE_STANDARD = gnu17;
				GCC_NO_COMMON_BLOCKS = YES;
				GCC_WARN_64_TO_32_BIT_CONVERSION = YES;
				GCC_WARN_ABOUT_RETURN_TYPE = YES_ERROR;
				GCC_WARN_UNDECLARED_SELECTOR = YES;
				GCC_WARN_UNINITIALIZED_AUTOS = YES_AGGRESSIVE;
				GCC_WARN_UNUSED_FUNCTION = YES;
				GCC_WARN_UNUSED_VARIABLE = YES;
				IPHONEOS_DEPLOYMENT_TARGET = 16.4;
				LOCALIZATION_PREFERS_STRING_CATALOGS = YES;
				MTL_ENABLE_DEBUG_INFO = NO;
				MTL_FAST_MATH = YES;
				SDKROOT = iphoneos;
				SWIFT_COMPILATION_MODE = wholemodule;
				VALIDATE_PRODUCT = YES;
			};
			name = Release;
		};
		28FF49DF2C0806AC00FA829C /* Debug */ = {
			isa = XCBuildConfiguration;
			buildSettings = {
				ASSETCATALOG_COMPILER_APPICON_NAME = AppIcon;
				ASSETCATALOG_COMPILER_GLOBAL_ACCENT_COLOR_NAME = AccentColor;
				CODE_SIGN_STYLE = Automatic;
				CURRENT_PROJECT_VERSION = 6;
				DEVELOPMENT_ASSET_PATHS = "\"AromiusGreen/Preview Content\"";
				DEVELOPMENT_TEAM = UN432L4MFG;
				ENABLE_PREVIEWS = YES;
				GENERATE_INFOPLIST_FILE = YES;
				INFOPLIST_KEY_CFBundleDisplayName = Aromius;
				INFOPLIST_KEY_LSApplicationCategoryType = "public.app-category.business";
				INFOPLIST_KEY_UIApplicationSceneManifest_Generation = YES;
				INFOPLIST_KEY_UIApplicationSupportsIndirectInputEvents = YES;
				INFOPLIST_KEY_UILaunchScreen_Generation = YES;
				INFOPLIST_KEY_UIRequiresFullScreen = YES;
				INFOPLIST_KEY_UISupportedInterfaceOrientations = UIInterfaceOrientationPortrait;
				INFOPLIST_KEY_UIUserInterfaceStyle = Light;
				IPHONEOS_DEPLOYMENT_TARGET = 16.6;
				LD_RUNPATH_SEARCH_PATHS = (
					"$(inherited)",
					"@executable_path/Frameworks",
				);
				MARKETING_VERSION = 1.1;
				PRODUCT_BUNDLE_IDENTIFIER = VictorZima.AromiusGreen;
				PRODUCT_NAME = "$(TARGET_NAME)";
				SUPPORTED_PLATFORMS = "iphoneos iphonesimulator";
				SUPPORTS_MACCATALYST = NO;
				SUPPORTS_MAC_DESIGNED_FOR_IPHONE_IPAD = NO;
				SUPPORTS_XR_DESIGNED_FOR_IPHONE_IPAD = NO;
				SWIFT_EMIT_LOC_STRINGS = YES;
				SWIFT_VERSION = 5.0;
				TARGETED_DEVICE_FAMILY = 1;
			};
			name = Debug;
		};
		28FF49E02C0806AC00FA829C /* Release */ = {
			isa = XCBuildConfiguration;
			buildSettings = {
				ASSETCATALOG_COMPILER_APPICON_NAME = AppIcon;
				ASSETCATALOG_COMPILER_GLOBAL_ACCENT_COLOR_NAME = AccentColor;
				CODE_SIGN_STYLE = Automatic;
				CURRENT_PROJECT_VERSION = 6;
				DEVELOPMENT_ASSET_PATHS = "\"AromiusGreen/Preview Content\"";
				DEVELOPMENT_TEAM = UN432L4MFG;
				ENABLE_PREVIEWS = YES;
				GENERATE_INFOPLIST_FILE = YES;
				INFOPLIST_KEY_CFBundleDisplayName = Aromius;
				INFOPLIST_KEY_LSApplicationCategoryType = "public.app-category.business";
				INFOPLIST_KEY_UIApplicationSceneManifest_Generation = YES;
				INFOPLIST_KEY_UIApplicationSupportsIndirectInputEvents = YES;
				INFOPLIST_KEY_UILaunchScreen_Generation = YES;
				INFOPLIST_KEY_UIRequiresFullScreen = YES;
				INFOPLIST_KEY_UISupportedInterfaceOrientations = UIInterfaceOrientationPortrait;
				INFOPLIST_KEY_UIUserInterfaceStyle = Light;
				IPHONEOS_DEPLOYMENT_TARGET = 16.6;
				LD_RUNPATH_SEARCH_PATHS = (
					"$(inherited)",
					"@executable_path/Frameworks",
				);
				MARKETING_VERSION = 1.1;
				PRODUCT_BUNDLE_IDENTIFIER = VictorZima.AromiusGreen;
				PRODUCT_NAME = "$(TARGET_NAME)";
				SUPPORTED_PLATFORMS = "iphoneos iphonesimulator";
				SUPPORTS_MACCATALYST = NO;
				SUPPORTS_MAC_DESIGNED_FOR_IPHONE_IPAD = NO;
				SUPPORTS_XR_DESIGNED_FOR_IPHONE_IPAD = NO;
				SWIFT_EMIT_LOC_STRINGS = YES;
				SWIFT_VERSION = 5.0;
				TARGETED_DEVICE_FAMILY = 1;
			};
			name = Release;
		};
/* End XCBuildConfiguration section */

/* Begin XCConfigurationList section */
		28FF49CB2C0806AB00FA829C /* Build configuration list for PBXProject "AromiusGreen" */ = {
			isa = XCConfigurationList;
			buildConfigurations = (
				28FF49DC2C0806AC00FA829C /* Debug */,
				28FF49DD2C0806AC00FA829C /* Release */,
			);
			defaultConfigurationIsVisible = 0;
			defaultConfigurationName = Release;
		};
		28FF49DE2C0806AC00FA829C /* Build configuration list for PBXNativeTarget "AromiusGreen" */ = {
			isa = XCConfigurationList;
			buildConfigurations = (
				28FF49DF2C0806AC00FA829C /* Debug */,
				28FF49E02C0806AC00FA829C /* Release */,
			);
			defaultConfigurationIsVisible = 0;
			defaultConfigurationName = Release;
		};
/* End XCConfigurationList section */

/* Begin XCRemoteSwiftPackageReference section */
		288A98392C0809FD007ABC1C /* XCRemoteSwiftPackageReference "firebase-ios-sdk" */ = {
			isa = XCRemoteSwiftPackageReference;
			repositoryURL = "https://github.com/firebase/firebase-ios-sdk.git";
			requirement = {
				kind = upToNextMajorVersion;
				minimumVersion = 10.27.0;
			};
		};
/* End XCRemoteSwiftPackageReference section */

/* Begin XCSwiftPackageProductDependency section */
		288A983B2C080AC5007ABC1C /* FirebaseStorage */ = {
			isa = XCSwiftPackageProductDependency;
			package = 288A98392C0809FD007ABC1C /* XCRemoteSwiftPackageReference "firebase-ios-sdk" */;
			productName = FirebaseStorage;
		};
		288A983D2C080ACD007ABC1C /* FirebaseDatabase */ = {
			isa = XCSwiftPackageProductDependency;
			package = 288A98392C0809FD007ABC1C /* XCRemoteSwiftPackageReference "firebase-ios-sdk" */;
			productName = FirebaseDatabase;
		};
		288A983F2C080AD1007ABC1C /* FirebaseFirestore */ = {
			isa = XCSwiftPackageProductDependency;
			package = 288A98392C0809FD007ABC1C /* XCRemoteSwiftPackageReference "firebase-ios-sdk" */;
			productName = FirebaseFirestore;
		};
		28AB8DDD2C718D23006A81C5 /* FirebaseAuth */ = {
			isa = XCSwiftPackageProductDependency;
			package = 288A98392C0809FD007ABC1C /* XCRemoteSwiftPackageReference "firebase-ios-sdk" */;
			productName = FirebaseAuth;
		};
/* End XCSwiftPackageProductDependency section */
	};
	rootObject = 28FF49C82C0806AB00FA829C /* Project object */;
}
